
Microsoft Visual Studio Solution File, Format Version 12.00
# Visual Studio Version 17
VisualStudioVersion = 17.3.32922.545
MinimumVisualStudioVersion = 10.0.40219.1
Project("{FAE04EC0-301F-11D3-BF4B-00C04F79EFBC}") = "AppTempo", "AppTempo\AppTempo\AppTempo.csproj", "{F0A06BC2-4F07-49CE-B3D1-6727D805C704}"
EndProject
Project("{FAE04EC0-301F-11D3-BF4B-00C04F79EFBC}") = "AppTempo.Android", "AppTempo\AppTempo.Android\AppTempo.Android.csproj", "{DBC05B42-6D26-4E4E-9597-96A092DAF2A8}"
EndProject
Project("{FAE04EC0-301F-11D3-BF4B-00C04F79EFBC}") = "AppTempo.iOS", "AppTempo\AppTempo.iOS\AppTempo.iOS.csproj", "{CC16DD12-1C3D-4990-85CD-185129DA0551}"
EndProject
Global
	GlobalSection(SolutionConfigurationPlatforms) = preSolution
		Ad-Hoc|Any CPU = Ad-Hoc|Any CPU
		Ad-Hoc|ARM = Ad-Hoc|ARM
		Ad-Hoc|iPhone = Ad-Hoc|iPhone
		Ad-Hoc|iPhoneSimulator = Ad-Hoc|iPhoneSimulator
		Ad-Hoc|x64 = Ad-Hoc|x64
		Ad-Hoc|x86 = Ad-Hoc|x86
		AppStore|Any CPU = AppStore|Any CPU
		AppStore|ARM = AppStore|ARM
		AppStore|iPhone = AppStore|iPhone
		AppStore|iPhoneSimulator = AppStore|iPhoneSimulator
		AppStore|x64 = AppStore|x64
		AppStore|x86 = AppStore|x86
		Debug|Any CPU = Debug|Any CPU
		Debug|ARM = Debug|ARM
		Debug|iPhone = Debug|iPhone
		Debug|iPhoneSimulator = Debug|iPhoneSimulator
		Debug|x64 = Debug|x64
		Debug|x86 = Debug|x86
		Release|Any CPU = Release|Any CPU
		Release|ARM = Release|ARM
		Release|iPhone = Release|iPhone
		Release|iPhoneSimulator = Release|iPhoneSimulator
		Release|x64 = Release|x64
		Release|x86 = Release|x86
	EndGlobalSection
	GlobalSection(ProjectConfigurationPlatforms) = postSolution
		{F0A06BC2-4F07-49CE-B3D1-6727D805C704}.Ad-Hoc|Any CPU.ActiveCfg = Debug|Any CPU
		{F0A06BC2-4F07-49CE-B3D1-6727D805C704}.Ad-Hoc|Any CPU.Build.0 = Debug|Any CPU
		{F0A06BC2-4F07-49CE-B3D1-6727D805C704}.Ad-Hoc|ARM.ActiveCfg = Debug|Any CPU
		{F0A06BC2-4F07-49CE-B3D1-6727D805C704}.Ad-Hoc|ARM.Build.0 = Debug|Any CPU
		{F0A06BC2-4F07-49CE-B3D1-6727D805C704}.Ad-Hoc|iPhone.ActiveCfg = Debug|Any CPU
		{F0A06BC2-4F07-49CE-B3D1-6727D805C704}.Ad-Hoc|iPhone.Build.0 = Debug|Any CPU
		{F0A06BC2-4F07-49CE-B3D1-6727D805C704}.Ad-Hoc|iPhoneSimulator.ActiveCfg = Debug|Any CPU
		{F0A06BC2-4F07-49CE-B3D1-6727D805C704}.Ad-Hoc|iPhoneSimulator.Build.0 = Debug|Any CPU
		{F0A06BC2-4F07-49CE-B3D1-6727D805C704}.Ad-Hoc|x64.ActiveCfg = Debug|Any CPU
		{F0A06BC2-4F07-49CE-B3D1-6727D805C704}.Ad-Hoc|x64.Build.0 = Debug|Any CPU
		{F0A06BC2-4F07-49CE-B3D1-6727D805C704}.Ad-Hoc|x86.ActiveCfg = Debug|Any CPU
		{F0A06BC2-4F07-49CE-B3D1-6727D805C704}.Ad-Hoc|x86.Build.0 = Debug|Any CPU
		{F0A06BC2-4F07-49CE-B3D1-6727D805C704}.AppStore|Any CPU.ActiveCfg = Debug|Any CPU
		{F0A06BC2-4F07-49CE-B3D1-6727D805C704}.AppStore|Any CPU.Build.0 = Debug|Any CPU
		{F0A06BC2-4F07-49CE-B3D1-6727D805C704}.AppStore|ARM.ActiveCfg = Debug|Any CPU
		{F0A06BC2-4F07-49CE-B3D1-6727D805C704}.AppStore|ARM.Build.0 = Debug|Any CPU
		{F0A06BC2-4F07-49CE-B3D1-6727D805C704}.AppStore|iPhone.ActiveCfg = Debug|Any CPU
		{F0A06BC2-4F07-49CE-B3D1-6727D805C704}.AppStore|iPhone.Build.0 = Debug|Any CPU
		{F0A06BC2-4F07-49CE-B3D1-6727D805C704}.AppStore|iPhoneSimulator.ActiveCfg = Debug|Any CPU
		{F0A06BC2-4F07-49CE-B3D1-6727D805C704}.AppStore|iPhoneSimulator.Build.0 = Debug|Any CPU
		{F0A06BC2-4F07-49CE-B3D1-6727D805C704}.AppStore|x64.ActiveCfg = Debug|Any CPU
		{F0A06BC2-4F07-49CE-B3D1-6727D805C704}.AppStore|x64.Build.0 = Debug|Any CPU
		{F0A06BC2-4F07-49CE-B3D1-6727D805C704}.AppStore|x86.ActiveCfg = Debug|Any CPU
		{F0A06BC2-4F07-49CE-B3D1-6727D805C704}.AppStore|x86.Build.0 = Debug|Any CPU
		{F0A06BC2-4F07-49CE-B3D1-6727D805C704}.Debug|Any CPU.ActiveCfg = Debug|Any CPU
		{F0A06BC2-4F07-49CE-B3D1-6727D805C704}.Debug|Any CPU.Build.0 = Debug|Any CPU
		{F0A06BC2-4F07-49CE-B3D1-6727D805C704}.Debug|ARM.ActiveCfg = Debug|Any CPU
		{F0A06BC2-4F07-49CE-B3D1-6727D805C704}.Debug|ARM.Build.0 = Debug|Any CPU
		{F0A06BC2-4F07-49CE-B3D1-6727D805C704}.Debug|iPhone.ActiveCfg = Debug|Any CPU
		{F0A06BC2-4F07-49CE-B3D1-6727D805C704}.Debug|iPhone.Build.0 = Debug|Any CPU
		{F0A06BC2-4F07-49CE-B3D1-6727D805C704}.Debug|iPhoneSimulator.ActiveCfg = Debug|Any CPU
		{F0A06BC2-4F07-49CE-B3D1-6727D805C704}.Debug|iPhoneSimulator.Build.0 = Debug|Any CPU
		{F0A06BC2-4F07-49CE-B3D1-6727D805C704}.Debug|x64.ActiveCfg = Debug|Any CPU
		{F0A06BC2-4F07-49CE-B3D1-6727D805C704}.Debug|x64.Build.0 = Debug|Any CPU
		{F0A06BC2-4F07-49CE-B3D1-6727D805C704}.Debug|x86.ActiveCfg = Debug|Any CPU
		{F0A06BC2-4F07-49CE-B3D1-6727D805C704}.Debug|x86.Build.0 = Debug|Any CPU
		{F0A06BC2-4F07-49CE-B3D1-6727D805C704}.Release|Any CPU.ActiveCfg = Release|Any CPU
		{F0A06BC2-4F07-49CE-B3D1-6727D805C704}.Release|Any CPU.Build.0 = Release|Any CPU
		{F0A06BC2-4F07-49CE-B3D1-6727D805C704}.Release|ARM.ActiveCfg = Release|Any CPU
		{F0A06BC2-4F07-49CE-B3D1-6727D805C704}.Release|ARM.Build.0 = Release|Any CPU
		{F0A06BC2-4F07-49CE-B3D1-6727D805C704}.Release|iPhone.ActiveCfg = Release|Any CPU
		{F0A06BC2-4F07-49CE-B3D1-6727D805C704}.Release|iPhone.Build.0 = Release|Any CPU
		{F0A06BC2-4F07-49CE-B3D1-6727D805C704}.Release|iPhoneSimulator.ActiveCfg = Release|Any CPU
		{F0A06BC2-4F07-49CE-B3D1-6727D805C704}.Release|iPhoneSimulator.Build.0 = Release|Any CPU
		{F0A06BC2-4F07-49CE-B3D1-6727D805C704}.Release|x64.ActiveCfg = Release|Any CPU
		{F0A06BC2-4F07-49CE-B3D1-6727D805C704}.Release|x64.Build.0 = Release|Any CPU
		{F0A06BC2-4F07-49CE-B3D1-6727D805C704}.Release|x86.ActiveCfg = Release|Any CPU
		{F0A06BC2-4F07-49CE-B3D1-6727D805C704}.Release|x86.Build.0 = Release|Any CPU
		{DBC05B42-6D26-4E4E-9597-96A092DAF2A8}.Ad-Hoc|Any CPU.ActiveCfg = Debug|Any CPU
		{DBC05B42-6D26-4E4E-9597-96A092DAF2A8}.Ad-Hoc|Any CPU.Build.0 = Debug|Any CPU
		{DBC05B42-6D26-4E4E-9597-96A092DAF2A8}.Ad-Hoc|Any CPU.Deploy.0 = Debug|Any CPU
		{DBC05B42-6D26-4E4E-9597-96A092DAF2A8}.Ad-Hoc|ARM.ActiveCfg = Debug|Any CPU
		{DBC05B42-6D26-4E4E-9597-96A092DAF2A8}.Ad-Hoc|ARM.Build.0 = Debug|Any CPU
		{DBC05B42-6D26-4E4E-9597-96A092DAF2A8}.Ad-Hoc|ARM.Deploy.0 = Debug|Any CPU
		{DBC05B42-6D26-4E4E-9597-96A092DAF2A8}.Ad-Hoc|iPhone.ActiveCfg = Debug|Any CPU
		{DBC05B42-6D26-4E4E-9597-96A092DAF2A8}.Ad-Hoc|iPhone.Build.0 = Debug|Any CPU
		{DBC05B42-6D26-4E4E-9597-96A092DAF2A8}.Ad-Hoc|iPhone.Deploy.0 = Debug|Any CPU
		{DBC05B42-6D26-4E4E-9597-96A092DAF2A8}.Ad-Hoc|iPhoneSimulator.ActiveCfg = Debug|Any CPU
		{DBC05B42-6D26-4E4E-9597-96A092DAF2A8}.Ad-Hoc|iPhoneSimulator.Build.0 = Debug|Any CPU
		{DBC05B42-6D26-4E4E-9597-96A092DAF2A8}.Ad-Hoc|iPhoneSimulator.Deploy.0 = Debug|Any CPU
		{DBC05B42-6D26-4E4E-9597-96A092DAF2A8}.Ad-Hoc|x64.ActiveCfg = Debug|Any CPU
		{DBC05B42-6D26-4E4E-9597-96A092DAF2A8}.Ad-Hoc|x64.Build.0 = Debug|Any CPU
		{DBC05B42-6D26-4E4E-9597-96A092DAF2A8}.Ad-Hoc|x64.Deploy.0 = Debug|Any CPU
		{DBC05B42-6D26-4E4E-9597-96A092DAF2A8}.Ad-Hoc|x86.ActiveCfg = Debug|Any CPU
		{DBC05B42-6D26-4E4E-9597-96A092DAF2A8}.Ad-Hoc|x86.Build.0 = Debug|Any CPU
		{DBC05B42-6D26-4E4E-9597-96A092DAF2A8}.Ad-Hoc|x86.Deploy.0 = Debug|Any CPU
		{DBC05B42-6D26-4E4E-9597-96A092DAF2A8}.AppStore|Any CPU.ActiveCfg = Debug|Any CPU
		{DBC05B42-6D26-4E4E-9597-96A092DAF2A8}.AppStore|Any CPU.Build.0 = Debug|Any CPU
		{DBC05B42-6D26-4E4E-9597-96A092DAF2A8}.AppStore|Any CPU.Deploy.0 = Debug|Any CPU
		{DBC05B42-6D26-4E4E-9597-96A092DAF2A8}.AppStore|ARM.ActiveCfg = Debug|Any CPU
		{DBC05B42-6D26-4E4E-9597-96A092DAF2A8}.AppStore|ARM.Build.0 = Debug|Any CPU
		{DBC05B42-6D26-4E4E-9597-96A092DAF2A8}.AppStore|ARM.Deploy.0 = Debug|Any CPU
		{DBC05B42-6D26-4E4E-9597-96A092DAF2A8}.AppStore|iPhone.ActiveCfg = Debug|Any CPU
		{DBC05B42-6D26-4E4E-9597-96A092DAF2A8}.AppStore|iPhone.Build.0 = Debug|Any CPU
		{DBC05B42-6D26-4E4E-9597-96A092DAF2A8}.AppStore|iPhone.Deploy.0 = Debug|Any CPU
		{DBC05B42-6D26-4E4E-9597-96A092DAF2A8}.AppStore|iPhoneSimulator.ActiveCfg = Debug|Any CPU
		{DBC05B42-6D26-4E4E-9597-96A092DAF2A8}.AppStore|iPhoneSimulator.Build.0 = Debug|Any CPU
		{DBC05B42-6D26-4E4E-9597-96A092DAF2A8}.AppStore|iPhoneSimulator.Deploy.0 = Debug|Any CPU
		{DBC05B42-6D26-4E4E-9597-96A092DAF2A8}.AppStore|x64.ActiveCfg = Debug|Any CPU
		{DBC05B42-6D26-4E4E-9597-96A092DAF2A8}.AppStore|x64.Build.0 = Debug|Any CPU
		{DBC05B42-6D26-4E4E-9597-96A092DAF2A8}.AppStore|x64.Deploy.0 = Debug|Any CPU
		{DBC05B42-6D26-4E4E-9597-96A092DAF2A8}.AppStore|x86.ActiveCfg = Debug|Any CPU
		{DBC05B42-6D26-4E4E-9597-96A092DAF2A8}.AppStore|x86.Build.0 = Debug|Any CPU
		{DBC05B42-6D26-4E4E-9597-96A092DAF2A8}.AppStore|x86.Deploy.0 = Debug|Any CPU
		{DBC05B42-6D26-4E4E-9597-96A092DAF2A8}.Debug|Any CPU.ActiveCfg = Debug|Any CPU
		{DBC05B42-6D26-4E4E-9597-96A092DAF2A8}.Debug|Any CPU.Build.0 = Debug|Any CPU
		{DBC05B42-6D26-4E4E-9597-96A092DAF2A8}.Debug|Any CPU.Deploy.0 = Debug|Any CPU
		{DBC05B42-6D26-4E4E-9597-96A092DAF2A8}.Debug|ARM.ActiveCfg = Debug|Any CPU
		{DBC05B42-6D26-4E4E-9597-96A092DAF2A8}.Debug|ARM.Build.0 = Debug|Any CPU
		{DBC05B42-6D26-4E4E-9597-96A092DAF2A8}.Debug|ARM.Deploy.0 = Debug|Any CPU
		{DBC05B42-6D26-4E4E-9597-96A092DAF2A8}.Debug|iPhone.ActiveCfg = Debug|Any CPU
		{DBC05B42-6D26-4E4E-9597-96A092DAF2A8}.Debug|iPhone.Build.0 = Debug|Any CPU
		{DBC05B42-6D26-4E4E-9597-96A092DAF2A8}.Debug|iPhone.Deploy.0 = Debug|Any CPU
		{DBC05B42-6D26-4E4E-9597-96A092DAF2A8}.Debug|iPhoneSimulator.ActiveCfg = Debug|Any CPU
		{DBC05B42-6D26-4E4E-9597-96A092DAF2A8}.Debug|iPhoneSimulator.Build.0 = Debug|Any CPU
		{DBC05B42-6D26-4E4E-9597-96A092DAF2A8}.Debug|iPhoneSimulator.Deploy.0 = Debug|Any CPU
		{DBC05B42-6D26-4E4E-9597-96A092DAF2A8}.Debug|x64.ActiveCfg = Debug|Any CPU
		{DBC05B42-6D26-4E4E-9597-96A092DAF2A8}.Debug|x64.Build.0 = Debug|Any CPU
		{DBC05B42-6D26-4E4E-9597-96A092DAF2A8}.Debug|x64.Deploy.0 = Debug|Any CPU
		{DBC05B42-6D26-4E4E-9597-96A092DAF2A8}.Debug|x86.ActiveCfg = Debug|Any CPU
		{DBC05B42-6D26-4E4E-9597-96A092DAF2A8}.Debug|x86.Build.0 = Debug|Any CPU
		{DBC05B42-6D26-4E4E-9597-96A092DAF2A8}.Debug|x86.Deploy.0 = Debug|Any CPU
		{DBC05B42-6D26-4E4E-9597-96A092DAF2A8}.Release|Any CPU.ActiveCfg = Release|Any CPU
		{DBC05B42-6D26-4E4E-9597-96A092DAF2A8}.Release|Any CPU.Build.0 = Release|Any CPU
		{DBC05B42-6D26-4E4E-9597-96A092DAF2A8}.Release|Any CPU.Deploy.0 = Release|Any CPU
		{DBC05B42-6D26-4E4E-9597-96A092DAF2A8}.Release|ARM.ActiveCfg = Release|Any CPU
		{DBC05B42-6D26-4E4E-9597-96A092DAF2A8}.Release|ARM.Build.0 = Release|Any CPU
		{DBC05B42-6D26-4E4E-9597-96A092DAF2A8}.Release|ARM.Deploy.0 = Release|Any CPU
		{DBC05B42-6D26-4E4E-9597-96A092DAF2A8}.Release|iPhone.ActiveCfg = Release|Any CPU
		{DBC05B42-6D26-4E4E-9597-96A092DAF2A8}.Release|iPhone.Build.0 = Release|Any CPU
		{DBC05B42-6D26-4E4E-9597-96A092DAF2A8}.Release|iPhone.Deploy.0 = Release|Any CPU
		{DBC05B42-6D26-4E4E-9597-96A092DAF2A8}.Release|iPhoneSimulator.ActiveCfg = Release|Any CPU
		{DBC05B42-6D26-4E4E-9597-96A092DAF2A8}.Release|iPhoneSimulator.Build.0 = Release|Any CPU
		{DBC05B42-6D26-4E4E-9597-96A092DAF2A8}.Release|iPhoneSimulator.Deploy.0 = Release|Any CPU
		{DBC05B42-6D26-4E4E-9597-96A092DAF2A8}.Release|x64.ActiveCfg = Release|Any CPU
		{DBC05B42-6D26-4E4E-9597-96A092DAF2A8}.Release|x64.Build.0 = Release|Any CPU
		{DBC05B42-6D26-4E4E-9597-96A092DAF2A8}.Release|x64.Deploy.0 = Release|Any CPU
		{DBC05B42-6D26-4E4E-9597-96A092DAF2A8}.Release|x86.ActiveCfg = Release|Any CPU
		{DBC05B42-6D26-4E4E-9597-96A092DAF2A8}.Release|x86.Build.0 = Release|Any CPU
		{DBC05B42-6D26-4E4E-9597-96A092DAF2A8}.Release|x86.Deploy.0 = Release|Any CPU
		{CC16DD12-1C3D-4990-85CD-185129DA0551}.Ad-Hoc|Any CPU.ActiveCfg = Ad-Hoc|iPhoneSimulator
		{CC16DD12-1C3D-4990-85CD-185129DA0551}.Ad-Hoc|Any CPU.Build.0 = Ad-Hoc|iPhoneSimulator
		{CC16DD12-1C3D-4990-85CD-185129DA0551}.Ad-Hoc|ARM.ActiveCfg = Ad-Hoc|iPhoneSimulator
		{CC16DD12-1C3D-4990-85CD-185129DA0551}.Ad-Hoc|ARM.Build.0 = Ad-Hoc|iPhoneSimulator
		{CC16DD12-1C3D-4990-85CD-185129DA0551}.Ad-Hoc|iPhone.ActiveCfg = Ad-Hoc|iPhone
		{CC16DD12-1C3D-4990-85CD-185129DA0551}.Ad-Hoc|iPhone.Build.0 = Ad-Hoc|iPhone
		{CC16DD12-1C3D-4990-85CD-185129DA0551}.Ad-Hoc|iPhoneSimulator.ActiveCfg = Ad-Hoc|iPhoneSimulator
		{CC16DD12-1C3D-4990-85CD-185129DA0551}.Ad-Hoc|iPhoneSimulator.Build.0 = Ad-Hoc|iPhoneSimulator
		{CC16DD12-1C3D-4990-85CD-185129DA0551}.Ad-Hoc|x64.ActiveCfg = Ad-Hoc|iPhoneSimulator
		{CC16DD12-1C3D-4990-85CD-185129DA0551}.Ad-Hoc|x64.Build.0 = Ad-Hoc|iPhoneSimulator
		{CC16DD12-1C3D-4990-85CD-185129DA0551}.Ad-Hoc|x86.ActiveCfg = Ad-Hoc|iPhoneSimulator
		{CC16DD12-1C3D-4990-85CD-185129DA0551}.Ad-Hoc|x86.Build.0 = Ad-Hoc|iPhoneSimulator
		{CC16DD12-1C3D-4990-85CD-185129DA0551}.AppStore|Any CPU.ActiveCfg = AppStore|iPhoneSimulator
		{CC16DD12-1C3D-4990-85CD-185129DA0551}.AppStore|Any CPU.Build.0 = AppStore|iPhoneSimulator
		{CC16DD12-1C3D-4990-85CD-185129DA0551}.AppStore|ARM.ActiveCfg = AppStore|iPhoneSimulator
		{CC16DD12-1C3D-4990-85CD-185129DA0551}.AppStore|ARM.Build.0 = AppStore|iPhoneSimulator
		{CC16DD12-1C3D-4990-85CD-185129DA0551}.AppStore|iPhone.ActiveCfg = AppStore|iPhone
		{CC16DD12-1C3D-4990-85CD-185129DA0551}.AppStore|iPhone.Build.0 = AppStore|iPhone
		{CC16DD12-1C3D-4990-85CD-185129DA0551}.AppStore|iPhoneSimulator.ActiveCfg = AppStore|iPhoneSimulator
		{CC16DD12-1C3D-4990-85CD-185129DA0551}.AppStore|iPhoneSimulator.Build.0 = AppStore|iPhoneSimulator
		{CC16DD12-1C3D-4990-85CD-185129DA0551}.AppStore|x64.ActiveCfg = AppStore|iPhoneSimulator
		{CC16DD12-1C3D-4990-85CD-185129DA0551}.AppStore|x64.Build.0 = AppStore|iPhoneSimulator
		{CC16DD12-1C3D-4990-85CD-185129DA0551}.AppStore|x86.ActiveCfg = AppStore|iPhoneSimulator
		{CC16DD12-1C3D-4990-85CD-185129DA0551}.AppStore|x86.Build.0 = AppStore|iPhoneSimulator
		{CC16DD12-1C3D-4990-85CD-185129DA0551}.Debug|Any CPU.ActiveCfg = Debug|iPhoneSimulator
		{CC16DD12-1C3D-4990-85CD-185129DA0551}.Debug|Any CPU.Build.0 = Debug|iPhoneSimulator
		{CC16DD12-1C3D-4990-85CD-185129DA0551}.Debug|ARM.ActiveCfg = Debug|iPhoneSimulator
		{CC16DD12-1C3D-4990-85CD-185129DA0551}.Debug|ARM.Build.0 = Debug|iPhoneSimulator
		{CC16DD12-1C3D-4990-85CD-185129DA0551}.Debug|iPhone.ActiveCfg = Debug|iPhone
		{CC16DD12-1C3D-4990-85CD-185129DA0551}.Debug|iPhone.Build.0 = Debug|iPhone
		{CC16DD12-1C3D-4990-85CD-185129DA0551}.Debug|iPhoneSimulator.ActiveCfg = Debug|iPhoneSimulator
		{CC16DD12-1C3D-4990-85CD-185129DA0551}.Debug|iPhoneSimulator.Build.0 = Debug|iPhoneSimulator
		{CC16DD12-1C3D-4990-85CD-185129DA0551}.Debug|x64.ActiveCfg = Debug|iPhoneSimulator
		{CC16DD12-1C3D-4990-85CD-185129DA0551}.Debug|x64.Build.0 = Debug|iPhoneSimulator
		{CC16DD12-1C3D-4990-85CD-185129DA0551}.Debug|x86.ActiveCfg = Debug|iPhoneSimulator
		{CC16DD12-1C3D-4990-85CD-185129DA0551}.Debug|x86.Build.0 = Debug|iPhoneSimulator
		{CC16DD12-1C3D-4990-85CD-185129DA0551}.Release|Any CPU.ActiveCfg = Release|iPhoneSimulator
		{CC16DD12-1C3D-4990-85CD-185129DA0551}.Release|Any CPU.Build.0 = Release|iPhoneSimulator
		{CC16DD12-1C3D-4990-85CD-185129DA0551}.Release|ARM.ActiveCfg = Release|iPhoneSimulator
		{CC16DD12-1C3D-4990-85CD-185129DA0551}.Release|ARM.Build.0 = Release|iPhoneSimulator
		{CC16DD12-1C3D-4990-85CD-185129DA0551}.Release|iPhone.ActiveCfg = Release|iPhone
		{CC16DD12-1C3D-4990-85CD-185129DA0551}.Release|iPhone.Build.0 = Release|iPhone
		{CC16DD12-1C3D-4990-85CD-185129DA0551}.Release|iPhoneSimulator.ActiveCfg = Release|iPhoneSimulator
		{CC16DD12-1C3D-4990-85CD-185129DA0551}.Release|iPhoneSimulator.Build.0 = Release|iPhoneSimulator
		{CC16DD12-1C3D-4990-85CD-185129DA0551}.Release|x64.ActiveCfg = Release|iPhoneSimulator
		{CC16DD12-1C3D-4990-85CD-185129DA0551}.Release|x64.Build.0 = Release|iPhoneSimulator
		{CC16DD12-1C3D-4990-85CD-185129DA0551}.Release|x86.ActiveCfg = Release|iPhoneSimulator
		{CC16DD12-1C3D-4990-85CD-185129DA0551}.Release|x86.Build.0 = Release|iPhoneSimulator
	EndGlobalSection
	GlobalSection(SolutionProperties) = preSolution
		HideSolutionNode = FALSE
	EndGlobalSection
	GlobalSection(ExtensibilityGlobals) = postSolution
		SolutionGuid = {30610481-43BD-4567-B4D5-E810F5AF971F}
	EndGlobalSection
EndGlobal
